
Microsoft Visual Studio Solution File, Format Version 12.00
# Visual Studio Version 17
VisualStudioVersion = 17.14.36717.8 d17.14
MinimumVisualStudioVersion = 10.0.40219.1
Project("{2150E333-8FDC-42A3-9474-1A3956D46DE8}") = "Src", "Src", "{02EA681E-C7D8-13C7-8484-4AC65E1B71E8}"
EndProject
Project("{FAE04EC0-301F-11D3-BF4B-00C04F79EFBC}") = "Application", "Application\Application.csproj", "{47CE7CEB-31D0-40B1-82C3-2ACA61F7801E}"
EndProject
Project("{FAE04EC0-301F-11D3-BF4B-00C04F79EFBC}") = "Infrastructure", "Infrastructure\Infrastructure.csproj", "{CCE26D59-7C17-42FE-8183-34F977ACFE8A}"
EndProject
Project("{FAE04EC0-301F-11D3-BF4B-00C04F79EFBC}") = "WebAPI", "WebAPI\WebAPI.csproj", "{27ACEBE9-655F-45CE-A88D-DE6432816F64}"
EndProject
Global
	GlobalSection(SolutionConfigurationPlatforms) = preSolution
		Debug|Any CPU = Debug|Any CPU
		Release|Any CPU = Release|Any CPU
	EndGlobalSection
	GlobalSection(ProjectConfigurationPlatforms) = postSolution
		{47CE7CEB-31D0-40B1-82C3-2ACA61F7801E}.Debug|Any CPU.ActiveCfg = Debug|Any CPU
		{47CE7CEB-31D0-40B1-82C3-2ACA61F7801E}.Debug|Any CPU.Build.0 = Debug|Any CPU
		{47CE7CEB-31D0-40B1-82C3-2ACA61F7801E}.Release|Any CPU.ActiveCfg = Release|Any CPU
		{47CE7CEB-31D0-40B1-82C3-2ACA61F7801E}.Release|Any CPU.Build.0 = Release|Any CPU
		{CCE26D59-7C17-42FE-8183-34F977ACFE8A}.Debug|Any CPU.ActiveCfg = Debug|Any CPU
		{CCE26D59-7C17-42FE-8183-34F977ACFE8A}.Debug|Any CPU.Build.0 = Debug|Any CPU
		{CCE26D59-7C17-42FE-8183-34F977ACFE8A}.Release|Any CPU.ActiveCfg = Release|Any CPU
		{CCE26D59-7C17-42FE-8183-34F977ACFE8A}.Release|Any CPU.Build.0 = Release|Any CPU
		{27ACEBE9-655F-45CE-A88D-DE6432816F64}.Debug|Any CPU.ActiveCfg = Debug|Any CPU
		{27ACEBE9-655F-45CE-A88D-DE6432816F64}.Debug|Any CPU.Build.0 = Debug|Any CPU
		{27ACEBE9-655F-45CE-A88D-DE6432816F64}.Release|Any CPU.ActiveCfg = Release|Any CPU
		{27ACEBE9-655F-45CE-A88D-DE6432816F64}.Release|Any CPU.Build.0 = Release|Any CPU
	EndGlobalSection
	GlobalSection(SolutionProperties) = preSolution
		HideSolutionNode = FALSE
	EndGlobalSection
	GlobalSection(NestedProjects) = preSolution
		{47CE7CEB-31D0-40B1-82C3-2ACA61F7801E} = {02EA681E-C7D8-13C7-8484-4AC65E1B71E8}
		{CCE26D59-7C17-42FE-8183-34F977ACFE8A} = {02EA681E-C7D8-13C7-8484-4AC65E1B71E8}
		{27ACEBE9-655F-45CE-A88D-DE6432816F64} = {02EA681E-C7D8-13C7-8484-4AC65E1B71E8}
	EndGlobalSection
	GlobalSection(ExtensibilityGlobals) = postSolution
		SolutionGuid = {4B6F4890-5144-46CA-84D8-6345CB7D6D36}
	EndGlobalSection
EndGlobal
